<?xml version="1.0" encoding="utf-8"?>
<Project ToolsVersion="4.0" xmlns="http://schemas.microsoft.com/developer/msbuild/2003">
  <ItemGroup>
    <Filter Include="ソース ファイル">
      <UniqueIdentifier>{4FC737F1-C7A5-4376-A066-2A32D752A2FF}</UniqueIdentifier>
      <Extensions>cpp;c;cc;cxx;c++;cppm;ixx;def;odl;idl;hpj;bat;asm;asmx</Extensions>
    </Filter>
    <Filter Include="ヘッダー ファイル">
      <UniqueIdentifier>{93995380-89BD-4b04-88EB-625FBE52EBFB}</UniqueIdentifier>
      <Extensions>h;hh;hpp;hxx;h++;hm;inl;inc;ipp;xsd</Extensions>
    </Filter>
    <Filter Include="ソース ファイル\Engine">
      <UniqueIdentifier>{0f1e54f6-373a-4b93-81d4-f70ecd596a53}</UniqueIdentifier>
    </Filter>
    <Filter Include="ソース ファイル\Engine\Sheder">
      <UniqueIdentifier>{03416f7a-96cf-4c7b-ad5b-ebd8b3bce8e9}</UniqueIdentifier>
    </Filter>
  </ItemGroup>
  <ItemGroup>
    <ClCompile Include="TestScene.cpp">
      <Filter>ソース ファイル</Filter>
    </ClCompile>
    <ClCompile Include="WinMain.cpp">
      <Filter>ソース ファイル</Filter>
    </ClCompile>
    <ClCompile Include="Engine\Camera.cpp">
      <Filter>ソース ファイル\Engine</Filter>
    </ClCompile>
    <ClCompile Include="Engine\Debug.cpp">
      <Filter>ソース ファイル\Engine</Filter>
    </ClCompile>
    <ClCompile Include="Engine\Direct3D.cpp">
      <Filter>ソース ファイル\Engine</Filter>
    </ClCompile>
    <ClCompile Include="Engine\FBX.cpp">
      <Filter>ソース ファイル\Engine</Filter>
    </ClCompile>
    <ClCompile Include="Engine\GameObject.cpp">
      <Filter>ソース ファイル\Engine</Filter>
    </ClCompile>
    <ClCompile Include="Engine\Input.cpp">
      <Filter>ソース ファイル\Engine</Filter>
    </ClCompile>
    <ClCompile Include="Engine\Model.cpp">
      <Filter>ソース ファイル\Engine</Filter>
    </ClCompile>
    <ClCompile Include="Engine\Quad.cpp">
      <Filter>ソース ファイル\Engine</Filter>
    </ClCompile>
    <ClCompile Include="Engine\RootJob.cpp">
      <Filter>ソース ファイル\Engine</Filter>
    </ClCompile>
    <ClCompile Include="Engine\SceneManager.cpp">
      <Filter>ソース ファイル\Engine</Filter>
    </ClCompile>
    <ClCompile Include="Engine\SphereCollider.cpp">
      <Filter>ソース ファイル\Engine</Filter>
    </ClCompile>
    <ClCompile Include="Engine\Sprite.cpp">
      <Filter>ソース ファイル\Engine</Filter>
    </ClCompile>
    <ClCompile Include="Engine\Texture.cpp">
      <Filter>ソース ファイル\Engine</Filter>
    </ClCompile>
    <ClCompile Include="Engine\Transform.cpp">
      <Filter>ソース ファイル\Engine</Filter>
    </ClCompile>
    <ClCompile Include="Stage.cpp">
      <Filter>ソース ファイル</Filter>
    </ClCompile>
  </ItemGroup>
  <ItemGroup>
    <ClInclude Include="TestScene.h">
      <Filter>ヘッダー ファイル</Filter>
    </ClInclude>
    <ClInclude Include="Engine\Camera.h">
      <Filter>ソース ファイル\Engine</Filter>
    </ClInclude>
    <ClInclude Include="Engine\Debug.h">
      <Filter>ソース ファイル\Engine</Filter>
    </ClInclude>
    <ClInclude Include="Engine\Direct3D.h">
      <Filter>ソース ファイル\Engine</Filter>
    </ClInclude>
    <ClInclude Include="Engine\FBX.h">
      <Filter>ソース ファイル\Engine</Filter>
    </ClInclude>
    <ClInclude Include="Engine\GameObject.h">
      <Filter>ソース ファイル\Engine</Filter>
    </ClInclude>
    <ClInclude Include="Engine\Input.h">
      <Filter>ソース ファイル\Engine</Filter>
    </ClInclude>
    <ClInclude Include="Engine\Model.h">
      <Filter>ソース ファイル\Engine</Filter>
    </ClInclude>
    <ClInclude Include="Engine\Quad.h">
      <Filter>ソース ファイル\Engine</Filter>
    </ClInclude>
    <ClInclude Include="Engine\RootJob.h">
      <Filter>ソース ファイル\Engine</Filter>
    </ClInclude>
    <ClInclude Include="Engine\SceneManager.h">
      <Filter>ソース ファイル\Engine</Filter>
    </ClInclude>
    <ClInclude Include="Engine\SphereCollider.h">
      <Filter>ソース ファイル\Engine</Filter>
    </ClInclude>
    <ClInclude Include="Engine\Sprite.h">
      <Filter>ソース ファイル\Engine</Filter>
    </ClInclude>
    <ClInclude Include="Engine\Texture.h">
      <Filter>ソース ファイル\Engine</Filter>
    </ClInclude>
    <ClInclude Include="Engine\Transform.h">
      <Filter>ソース ファイル\Engine</Filter>
    </ClInclude>
    <ClInclude Include="Stage.h">
      <Filter>ヘッダー ファイル</Filter>
    </ClInclude>
  </ItemGroup>
  <ItemGroup>
    <FxCompile Include="Engine\CRTRender.hlsl">
      <Filter>ソース ファイル\Engine\Sheder</Filter>
    </FxCompile>
    <FxCompile Include="Engine\Simple2D.hlsl">
      <Filter>ソース ファイル\Engine\Sheder</Filter>
    </FxCompile>
    <FxCompile Include="Engine\Simple3D.hlsl">
      <Filter>ソース ファイル\Engine\Sheder</Filter>
    </FxCompile>
    <FxCompile Include="Engine\PointLightShader.hlsl">
      <Filter>ソース ファイル\Engine\Sheder</Filter>
    </FxCompile>
    <FxCompile Include="Engine\ToonShader.hlsl">
      <Filter>ソース ファイル\Engine\Sheder</Filter>
    </FxCompile>
  </ItemGroup>
  <ItemGroup>
    <None Include="packages.config" />
  </ItemGroup>
</Project>